
Microsoft Visual Studio Solution File, Format Version 12.00
# Visual Studio 15
VisualStudioVersion = 15.0.28010.2048
MinimumVisualStudioVersion = 10.0.40219.1
Project("{FAE04EC0-301F-11D3-BF4B-00C04F79EFBC}") = "BooleanLogic", "BooleanLogic\BooleanLogic.csproj", "{1EB9DD3D-EC28-4D39-A893-8F6CF4AF9E27}"
EndProject
Global
	GlobalSection(SolutionConfigurationPlatforms) = preSolution
		Debug|Any CPU = Debug|Any CPU
		Release|Any CPU = Release|Any CPU
	EndGlobalSection
	GlobalSection(ProjectConfigurationPlatforms) = postSolution
		{1EB9DD3D-EC28-4D39-A893-8F6CF4AF9E27}.Debug|Any CPU.ActiveCfg = Debug|Any CPU
		{1EB9DD3D-EC28-4D39-A893-8F6CF4AF9E27}.Debug|Any CPU.Build.0 = Debug|Any CPU
		{1EB9DD3D-EC28-4D39-A893-8F6CF4AF9E27}.Release|Any CPU.ActiveCfg = Release|Any CPU
		{1EB9DD3D-EC28-4D39-A893-8F6CF4AF9E27}.Release|Any CPU.Build.0 = Release|Any CPU
	EndGlobalSection
	GlobalSection(SolutionProperties) = preSolution
		HideSolutionNode = FALSE
	EndGlobalSection
	GlobalSection(ExtensibilityGlobals) = postSolution
		SolutionGuid = {A9652400-72F6-41EE-B0C2-37CE3709861F}
	EndGlobalSection
EndGlobal
